
Microsoft Visual Studio Solution File, Format Version 12.00
# Visual Studio Version 16
VisualStudioVersion = 16.0.29215.179
MinimumVisualStudioVersion = 10.0.40219.1
Project("{9A19103F-16F7-4668-BE54-9A1E7A4F7556}") = "MyLeasing.Common", "MyLeasing.Common\MyLeasing.Common.csproj", "{2CF65435-3DE2-48DA-97E0-7E6831B51F87}"
EndProject
Project("{9A19103F-16F7-4668-BE54-9A1E7A4F7556}") = "MyLeasing.Web", "MyLeasing.Web\MyLeasing.Web.csproj", "{A220A385-265F-47AE-821F-1F903BFEBFDF}"
EndProject
Global
	GlobalSection(SolutionConfigurationPlatforms) = preSolution
		Debug|Any CPU = Debug|Any CPU
		Release|Any CPU = Release|Any CPU
	EndGlobalSection
	GlobalSection(ProjectConfigurationPlatforms) = postSolution
		{2CF65435-3DE2-48DA-97E0-7E6831B51F87}.Debug|Any CPU.ActiveCfg = Debug|Any CPU
		{2CF65435-3DE2-48DA-97E0-7E6831B51F87}.Debug|Any CPU.Build.0 = Debug|Any CPU
		{2CF65435-3DE2-48DA-97E0-7E6831B51F87}.Release|Any CPU.ActiveCfg = Release|Any CPU
		{2CF65435-3DE2-48DA-97E0-7E6831B51F87}.Release|Any CPU.Build.0 = Release|Any CPU
		{A220A385-265F-47AE-821F-1F903BFEBFDF}.Debug|Any CPU.ActiveCfg = Debug|Any CPU
		{A220A385-265F-47AE-821F-1F903BFEBFDF}.Debug|Any CPU.Build.0 = Debug|Any CPU
		{A220A385-265F-47AE-821F-1F903BFEBFDF}.Release|Any CPU.ActiveCfg = Release|Any CPU
		{A220A385-265F-47AE-821F-1F903BFEBFDF}.Release|Any CPU.Build.0 = Release|Any CPU
	EndGlobalSection
	GlobalSection(SolutionProperties) = preSolution
		HideSolutionNode = FALSE
	EndGlobalSection
	GlobalSection(ExtensibilityGlobals) = postSolution
		SolutionGuid = {EA0F78EA-C42B-498C-AD08-787387EB0354}
	EndGlobalSection
EndGlobal
